
Microsoft Visual Studio Solution File, Format Version 12.00
# Visual Studio 14
VisualStudioVersion = 14.0.25420.1
MinimumVisualStudioVersion = 10.0.40219.1
Project("{FAE04EC0-301F-11D3-BF4B-00C04F79EFBC}") = "MyStocks.Forms", "MyStocks.Forms\MyStocks.Forms\MyStocks.Forms.csproj", "{5054BACB-1106-4E32-8A6F-5957B11BCD70}"
EndProject
Project("{FAE04EC0-301F-11D3-BF4B-00C04F79EFBC}") = "MyStocks.Forms.iOS", "MyStocks.Forms\MyStocks.Forms.iOS\MyStocks.Forms.iOS.csproj", "{D2B9E124-A7F2-4CCB-B3B6-8C2714A6AED1}"
EndProject
Project("{FAE04EC0-301F-11D3-BF4B-00C04F79EFBC}") = "MyStocks.Forms.Android", "MyStocks.Forms\MyStocks.Forms.Android\MyStocks.Forms.Android.csproj", "{40D9DBDD-16E7-4BFD-88B7-4645FFFC8389}"
EndProject
Project("{2150E333-8FDC-42A3-9474-1A3956D46DE8}") = ".nuget", ".nuget", "{5EEB7708-5B01-473C-9A11-E3EEA002A286}"
	ProjectSection(SolutionItems) = preProject
		.nuget\NuGet.Config = .nuget\NuGet.Config
		.nuget\NuGet.exe = .nuget\NuGet.exe
		.nuget\NuGet.targets = .nuget\NuGet.targets
	EndProjectSection
EndProject
Project("{FAE04EC0-301F-11D3-BF4B-00C04F79EFBC}") = "MyStocks.Forms.UWP", "MyStocks.Forms\MyStocks.Forms.UWP\MyStocks.Forms.UWP.csproj", "{6895B22D-B02F-4D3E-B2A0-7010E91B587B}"
EndProject
Global
	GlobalSection(SolutionConfigurationPlatforms) = preSolution
		Ad-Hoc|Android-Any CPU = Ad-Hoc|Android-Any CPU
		Ad-Hoc|ARM = Ad-Hoc|ARM
		Ad-Hoc|iPhone = Ad-Hoc|iPhone
		Ad-Hoc|iPhoneSimulator = Ad-Hoc|iPhoneSimulator
		Ad-Hoc|Mixed Platforms = Ad-Hoc|Mixed Platforms
		Ad-Hoc|UWP-ARM = Ad-Hoc|UWP-ARM
		Ad-Hoc|UWP-x64 = Ad-Hoc|UWP-x64
		Ad-Hoc|UWP-x86 = Ad-Hoc|UWP-x86
		Ad-Hoc|x64 = Ad-Hoc|x64
		Ad-Hoc|x86 = Ad-Hoc|x86
		AppStore|Android-Any CPU = AppStore|Android-Any CPU
		AppStore|ARM = AppStore|ARM
		AppStore|iPhone = AppStore|iPhone
		AppStore|iPhoneSimulator = AppStore|iPhoneSimulator
		AppStore|Mixed Platforms = AppStore|Mixed Platforms
		AppStore|UWP-ARM = AppStore|UWP-ARM
		AppStore|UWP-x64 = AppStore|UWP-x64
		AppStore|UWP-x86 = AppStore|UWP-x86
		AppStore|x64 = AppStore|x64
		AppStore|x86 = AppStore|x86
		Debug|Android-Any CPU = Debug|Android-Any CPU
		Debug|ARM = Debug|ARM
		Debug|iPhone = Debug|iPhone
		Debug|iPhoneSimulator = Debug|iPhoneSimulator
		Debug|Mixed Platforms = Debug|Mixed Platforms
		Debug|UWP-ARM = Debug|UWP-ARM
		Debug|UWP-x64 = Debug|UWP-x64
		Debug|UWP-x86 = Debug|UWP-x86
		Debug|x64 = Debug|x64
		Debug|x86 = Debug|x86
		Release|Android-Any CPU = Release|Android-Any CPU
		Release|ARM = Release|ARM
		Release|iPhone = Release|iPhone
		Release|iPhoneSimulator = Release|iPhoneSimulator
		Release|Mixed Platforms = Release|Mixed Platforms
		Release|UWP-ARM = Release|UWP-ARM
		Release|UWP-x64 = Release|UWP-x64
		Release|UWP-x86 = Release|UWP-x86
		Release|x64 = Release|x64
		Release|x86 = Release|x86
	EndGlobalSection
	GlobalSection(ProjectConfigurationPlatforms) = postSolution
		{5054BACB-1106-4E32-8A6F-5957B11BCD70}.Ad-Hoc|Android-Any CPU.ActiveCfg = Release|Any CPU
		{5054BACB-1106-4E32-8A6F-5957B11BCD70}.Ad-Hoc|Android-Any CPU.Build.0 = Release|Any CPU
		{5054BACB-1106-4E32-8A6F-5957B11BCD70}.Ad-Hoc|ARM.ActiveCfg = Debug|Any CPU
		{5054BACB-1106-4E32-8A6F-5957B11BCD70}.Ad-Hoc|ARM.Build.0 = Debug|Any CPU
		{5054BACB-1106-4E32-8A6F-5957B11BCD70}.Ad-Hoc|iPhone.ActiveCfg = Release|Any CPU
		{5054BACB-1106-4E32-8A6F-5957B11BCD70}.Ad-Hoc|iPhoneSimulator.ActiveCfg = Release|Any CPU
		{5054BACB-1106-4E32-8A6F-5957B11BCD70}.Ad-Hoc|Mixed Platforms.ActiveCfg = Release|Any CPU
		{5054BACB-1106-4E32-8A6F-5957B11BCD70}.Ad-Hoc|Mixed Platforms.Build.0 = Release|Any CPU
		{5054BACB-1106-4E32-8A6F-5957B11BCD70}.Ad-Hoc|UWP-ARM.ActiveCfg = Release|Any CPU
		{5054BACB-1106-4E32-8A6F-5957B11BCD70}.Ad-Hoc|UWP-x64.ActiveCfg = Debug|Any CPU
		{5054BACB-1106-4E32-8A6F-5957B11BCD70}.Ad-Hoc|UWP-x64.Build.0 = Debug|Any CPU
		{5054BACB-1106-4E32-8A6F-5957B11BCD70}.Ad-Hoc|UWP-x86.ActiveCfg = Release|Any CPU
		{5054BACB-1106-4E32-8A6F-5957B11BCD70}.Ad-Hoc|x64.ActiveCfg = Debug|Any CPU
		{5054BACB-1106-4E32-8A6F-5957B11BCD70}.Ad-Hoc|x64.Build.0 = Debug|Any CPU
		{5054BACB-1106-4E32-8A6F-5957B11BCD70}.Ad-Hoc|x86.ActiveCfg = Debug|Any CPU
		{5054BACB-1106-4E32-8A6F-5957B11BCD70}.Ad-Hoc|x86.Build.0 = Debug|Any CPU
		{5054BACB-1106-4E32-8A6F-5957B11BCD70}.AppStore|Android-Any CPU.ActiveCfg = Release|Any CPU
		{5054BACB-1106-4E32-8A6F-5957B11BCD70}.AppStore|Android-Any CPU.Build.0 = Release|Any CPU
		{5054BACB-1106-4E32-8A6F-5957B11BCD70}.AppStore|ARM.ActiveCfg = Debug|Any CPU
		{5054BACB-1106-4E32-8A6F-5957B11BCD70}.AppStore|ARM.Build.0 = Debug|Any CPU
		{5054BACB-1106-4E32-8A6F-5957B11BCD70}.AppStore|iPhone.ActiveCfg = Release|Any CPU
		{5054BACB-1106-4E32-8A6F-5957B11BCD70}.AppStore|iPhoneSimulator.ActiveCfg = Release|Any CPU
		{5054BACB-1106-4E32-8A6F-5957B11BCD70}.AppStore|Mixed Platforms.ActiveCfg = Release|Any CPU
		{5054BACB-1106-4E32-8A6F-5957B11BCD70}.AppStore|Mixed Platforms.Build.0 = Release|Any CPU
		{5054BACB-1106-4E32-8A6F-5957B11BCD70}.AppStore|UWP-ARM.ActiveCfg = Release|Any CPU
		{5054BACB-1106-4E32-8A6F-5957B11BCD70}.AppStore|UWP-x64.ActiveCfg = Debug|Any CPU
		{5054BACB-1106-4E32-8A6F-5957B11BCD70}.AppStore|UWP-x64.Build.0 = Debug|Any CPU
		{5054BACB-1106-4E32-8A6F-5957B11BCD70}.AppStore|UWP-x86.ActiveCfg = Release|Any CPU
		{5054BACB-1106-4E32-8A6F-5957B11BCD70}.AppStore|x64.ActiveCfg = Debug|Any CPU
		{5054BACB-1106-4E32-8A6F-5957B11BCD70}.AppStore|x64.Build.0 = Debug|Any CPU
		{5054BACB-1106-4E32-8A6F-5957B11BCD70}.AppStore|x86.ActiveCfg = Debug|Any CPU
		{5054BACB-1106-4E32-8A6F-5957B11BCD70}.AppStore|x86.Build.0 = Debug|Any CPU
		{5054BACB-1106-4E32-8A6F-5957B11BCD70}.Debug|Android-Any CPU.ActiveCfg = Debug|Any CPU
		{5054BACB-1106-4E32-8A6F-5957B11BCD70}.Debug|Android-Any CPU.Build.0 = Debug|Any CPU
		{5054BACB-1106-4E32-8A6F-5957B11BCD70}.Debug|ARM.ActiveCfg = Debug|Any CPU
		{5054BACB-1106-4E32-8A6F-5957B11BCD70}.Debug|ARM.Build.0 = Debug|Any CPU
		{5054BACB-1106-4E32-8A6F-5957B11BCD70}.Debug|iPhone.ActiveCfg = Debug|Any CPU
		{5054BACB-1106-4E32-8A6F-5957B11BCD70}.Debug|iPhoneSimulator.ActiveCfg = Debug|Any CPU
		{5054BACB-1106-4E32-8A6F-5957B11BCD70}.Debug|iPhoneSimulator.Build.0 = Debug|Any CPU
		{5054BACB-1106-4E32-8A6F-5957B11BCD70}.Debug|Mixed Platforms.ActiveCfg = Debug|Any CPU
		{5054BACB-1106-4E32-8A6F-5957B11BCD70}.Debug|Mixed Platforms.Build.0 = Debug|Any CPU
		{5054BACB-1106-4E32-8A6F-5957B11BCD70}.Debug|UWP-ARM.ActiveCfg = Debug|Any CPU
		{5054BACB-1106-4E32-8A6F-5957B11BCD70}.Debug|UWP-ARM.Build.0 = Debug|Any CPU
		{5054BACB-1106-4E32-8A6F-5957B11BCD70}.Debug|UWP-x64.ActiveCfg = Debug|Any CPU
		{5054BACB-1106-4E32-8A6F-5957B11BCD70}.Debug|UWP-x64.Build.0 = Debug|Any CPU
		{5054BACB-1106-4E32-8A6F-5957B11BCD70}.Debug|UWP-x86.ActiveCfg = Debug|Any CPU
		{5054BACB-1106-4E32-8A6F-5957B11BCD70}.Debug|UWP-x86.Build.0 = Debug|Any CPU
		{5054BACB-1106-4E32-8A6F-5957B11BCD70}.Debug|x64.ActiveCfg = Debug|Any CPU
		{5054BACB-1106-4E32-8A6F-5957B11BCD70}.Debug|x64.Build.0 = Debug|Any CPU
		{5054BACB-1106-4E32-8A6F-5957B11BCD70}.Debug|x86.ActiveCfg = Debug|Any CPU
		{5054BACB-1106-4E32-8A6F-5957B11BCD70}.Debug|x86.Build.0 = Debug|Any CPU
		{5054BACB-1106-4E32-8A6F-5957B11BCD70}.Release|Android-Any CPU.ActiveCfg = Release|Any CPU
		{5054BACB-1106-4E32-8A6F-5957B11BCD70}.Release|Android-Any CPU.Build.0 = Release|Any CPU
		{5054BACB-1106-4E32-8A6F-5957B11BCD70}.Release|ARM.ActiveCfg = Release|Any CPU
		{5054BACB-1106-4E32-8A6F-5957B11BCD70}.Release|ARM.Build.0 = Release|Any CPU
		{5054BACB-1106-4E32-8A6F-5957B11BCD70}.Release|iPhone.ActiveCfg = Release|Any CPU
		{5054BACB-1106-4E32-8A6F-5957B11BCD70}.Release|iPhoneSimulator.ActiveCfg = Release|Any CPU
		{5054BACB-1106-4E32-8A6F-5957B11BCD70}.Release|Mixed Platforms.ActiveCfg = Release|Any CPU
		{5054BACB-1106-4E32-8A6F-5957B11BCD70}.Release|Mixed Platforms.Build.0 = Release|Any CPU
		{5054BACB-1106-4E32-8A6F-5957B11BCD70}.Release|UWP-ARM.ActiveCfg = Release|Any CPU
		{5054BACB-1106-4E32-8A6F-5957B11BCD70}.Release|UWP-x64.ActiveCfg = Release|Any CPU
		{5054BACB-1106-4E32-8A6F-5957B11BCD70}.Release|UWP-x64.Build.0 = Release|Any CPU
		{5054BACB-1106-4E32-8A6F-5957B11BCD70}.Release|UWP-x86.ActiveCfg = Release|Any CPU
		{5054BACB-1106-4E32-8A6F-5957B11BCD70}.Release|x64.ActiveCfg = Release|Any CPU
		{5054BACB-1106-4E32-8A6F-5957B11BCD70}.Release|x64.Build.0 = Release|Any CPU
		{5054BACB-1106-4E32-8A6F-5957B11BCD70}.Release|x86.ActiveCfg = Release|Any CPU
		{5054BACB-1106-4E32-8A6F-5957B11BCD70}.Release|x86.Build.0 = Release|Any CPU
		{D2B9E124-A7F2-4CCB-B3B6-8C2714A6AED1}.Ad-Hoc|Android-Any CPU.ActiveCfg = Ad-Hoc|iPhone
		{D2B9E124-A7F2-4CCB-B3B6-8C2714A6AED1}.Ad-Hoc|ARM.ActiveCfg = Ad-Hoc|iPhoneSimulator
		{D2B9E124-A7F2-4CCB-B3B6-8C2714A6AED1}.Ad-Hoc|iPhone.ActiveCfg = Ad-Hoc|iPhone
		{D2B9E124-A7F2-4CCB-B3B6-8C2714A6AED1}.Ad-Hoc|iPhone.Build.0 = Ad-Hoc|iPhone
		{D2B9E124-A7F2-4CCB-B3B6-8C2714A6AED1}.Ad-Hoc|iPhoneSimulator.ActiveCfg = Ad-Hoc|iPhoneSimulator
		{D2B9E124-A7F2-4CCB-B3B6-8C2714A6AED1}.Ad-Hoc|iPhoneSimulator.Build.0 = Ad-Hoc|iPhoneSimulator
		{D2B9E124-A7F2-4CCB-B3B6-8C2714A6AED1}.Ad-Hoc|Mixed Platforms.ActiveCfg = Ad-Hoc|iPhone
		{D2B9E124-A7F2-4CCB-B3B6-8C2714A6AED1}.Ad-Hoc|Mixed Platforms.Build.0 = Ad-Hoc|iPhone
		{D2B9E124-A7F2-4CCB-B3B6-8C2714A6AED1}.Ad-Hoc|UWP-ARM.ActiveCfg = Ad-Hoc|iPhone
		{D2B9E124-A7F2-4CCB-B3B6-8C2714A6AED1}.Ad-Hoc|UWP-x64.ActiveCfg = Ad-Hoc|iPhoneSimulator
		{D2B9E124-A7F2-4CCB-B3B6-8C2714A6AED1}.Ad-Hoc|UWP-x86.ActiveCfg = Ad-Hoc|iPhone
		{D2B9E124-A7F2-4CCB-B3B6-8C2714A6AED1}.Ad-Hoc|x64.ActiveCfg = Ad-Hoc|iPhoneSimulator
		{D2B9E124-A7F2-4CCB-B3B6-8C2714A6AED1}.Ad-Hoc|x86.ActiveCfg = Ad-Hoc|iPhoneSimulator
		{D2B9E124-A7F2-4CCB-B3B6-8C2714A6AED1}.AppStore|Android-Any CPU.ActiveCfg = AppStore|iPhone
		{D2B9E124-A7F2-4CCB-B3B6-8C2714A6AED1}.AppStore|ARM.ActiveCfg = AppStore|iPhoneSimulator
		{D2B9E124-A7F2-4CCB-B3B6-8C2714A6AED1}.AppStore|iPhone.ActiveCfg = AppStore|iPhone
		{D2B9E124-A7F2-4CCB-B3B6-8C2714A6AED1}.AppStore|iPhone.Build.0 = AppStore|iPhone
		{D2B9E124-A7F2-4CCB-B3B6-8C2714A6AED1}.AppStore|iPhoneSimulator.ActiveCfg = AppStore|iPhoneSimulator
		{D2B9E124-A7F2-4CCB-B3B6-8C2714A6AED1}.AppStore|iPhoneSimulator.Build.0 = AppStore|iPhoneSimulator
		{D2B9E124-A7F2-4CCB-B3B6-8C2714A6AED1}.AppStore|Mixed Platforms.ActiveCfg = AppStore|iPhone
		{D2B9E124-A7F2-4CCB-B3B6-8C2714A6AED1}.AppStore|Mixed Platforms.Build.0 = AppStore|iPhone
		{D2B9E124-A7F2-4CCB-B3B6-8C2714A6AED1}.AppStore|UWP-ARM.ActiveCfg = AppStore|iPhone
		{D2B9E124-A7F2-4CCB-B3B6-8C2714A6AED1}.AppStore|UWP-x64.ActiveCfg = AppStore|iPhoneSimulator
		{D2B9E124-A7F2-4CCB-B3B6-8C2714A6AED1}.AppStore|UWP-x86.ActiveCfg = AppStore|iPhone
		{D2B9E124-A7F2-4CCB-B3B6-8C2714A6AED1}.AppStore|x64.ActiveCfg = AppStore|iPhoneSimulator
		{D2B9E124-A7F2-4CCB-B3B6-8C2714A6AED1}.AppStore|x86.ActiveCfg = AppStore|iPhoneSimulator
		{D2B9E124-A7F2-4CCB-B3B6-8C2714A6AED1}.Debug|Android-Any CPU.ActiveCfg = Debug|iPhone
		{D2B9E124-A7F2-4CCB-B3B6-8C2714A6AED1}.Debug|ARM.ActiveCfg = Debug|iPhoneSimulator
		{D2B9E124-A7F2-4CCB-B3B6-8C2714A6AED1}.Debug|iPhone.ActiveCfg = Debug|iPhone
		{D2B9E124-A7F2-4CCB-B3B6-8C2714A6AED1}.Debug|iPhone.Build.0 = Debug|iPhone
		{D2B9E124-A7F2-4CCB-B3B6-8C2714A6AED1}.Debug|iPhoneSimulator.ActiveCfg = Debug|iPhoneSimulator
		{D2B9E124-A7F2-4CCB-B3B6-8C2714A6AED1}.Debug|iPhoneSimulator.Build.0 = Debug|iPhoneSimulator
		{D2B9E124-A7F2-4CCB-B3B6-8C2714A6AED1}.Debug|Mixed Platforms.ActiveCfg = Debug|iPhoneSimulator
		{D2B9E124-A7F2-4CCB-B3B6-8C2714A6AED1}.Debug|Mixed Platforms.Build.0 = Debug|iPhoneSimulator
		{D2B9E124-A7F2-4CCB-B3B6-8C2714A6AED1}.Debug|UWP-ARM.ActiveCfg = Debug|iPhone
		{D2B9E124-A7F2-4CCB-B3B6-8C2714A6AED1}.Debug|UWP-x64.ActiveCfg = Debug|iPhoneSimulator
		{D2B9E124-A7F2-4CCB-B3B6-8C2714A6AED1}.Debug|UWP-x86.ActiveCfg = Debug|iPhone
		{D2B9E124-A7F2-4CCB-B3B6-8C2714A6AED1}.Debug|x64.ActiveCfg = Debug|iPhoneSimulator
		{D2B9E124-A7F2-4CCB-B3B6-8C2714A6AED1}.Debug|x86.ActiveCfg = Debug|iPhoneSimulator
		{D2B9E124-A7F2-4CCB-B3B6-8C2714A6AED1}.Release|Android-Any CPU.ActiveCfg = Release|iPhone
		{D2B9E124-A7F2-4CCB-B3B6-8C2714A6AED1}.Release|ARM.ActiveCfg = Release|iPhoneSimulator
		{D2B9E124-A7F2-4CCB-B3B6-8C2714A6AED1}.Release|iPhone.ActiveCfg = Release|iPhone
		{D2B9E124-A7F2-4CCB-B3B6-8C2714A6AED1}.Release|iPhone.Build.0 = Release|iPhone
		{D2B9E124-A7F2-4CCB-B3B6-8C2714A6AED1}.Release|iPhoneSimulator.ActiveCfg = Release|iPhoneSimulator
		{D2B9E124-A7F2-4CCB-B3B6-8C2714A6AED1}.Release|iPhoneSimulator.Build.0 = Release|iPhoneSimulator
		{D2B9E124-A7F2-4CCB-B3B6-8C2714A6AED1}.Release|Mixed Platforms.ActiveCfg = Release|iPhone
		{D2B9E124-A7F2-4CCB-B3B6-8C2714A6AED1}.Release|Mixed Platforms.Build.0 = Release|iPhone
		{D2B9E124-A7F2-4CCB-B3B6-8C2714A6AED1}.Release|UWP-ARM.ActiveCfg = Release|iPhone
		{D2B9E124-A7F2-4CCB-B3B6-8C2714A6AED1}.Release|UWP-x64.ActiveCfg = Release|iPhoneSimulator
		{D2B9E124-A7F2-4CCB-B3B6-8C2714A6AED1}.Release|UWP-x86.ActiveCfg = Release|iPhone
		{D2B9E124-A7F2-4CCB-B3B6-8C2714A6AED1}.Release|x64.ActiveCfg = Release|iPhoneSimulator
		{D2B9E124-A7F2-4CCB-B3B6-8C2714A6AED1}.Release|x86.ActiveCfg = Release|iPhoneSimulator
		{40D9DBDD-16E7-4BFD-88B7-4645FFFC8389}.Ad-Hoc|Android-Any CPU.ActiveCfg = Release|Any CPU
		{40D9DBDD-16E7-4BFD-88B7-4645FFFC8389}.Ad-Hoc|Android-Any CPU.Build.0 = Release|Any CPU
		{40D9DBDD-16E7-4BFD-88B7-4645FFFC8389}.Ad-Hoc|Android-Any CPU.Deploy.0 = Release|Any CPU
		{40D9DBDD-16E7-4BFD-88B7-4645FFFC8389}.Ad-Hoc|ARM.ActiveCfg = Debug|Any CPU
		{40D9DBDD-16E7-4BFD-88B7-4645FFFC8389}.Ad-Hoc|ARM.Build.0 = Debug|Any CPU
		{40D9DBDD-16E7-4BFD-88B7-4645FFFC8389}.Ad-Hoc|ARM.Deploy.0 = Debug|Any CPU
		{40D9DBDD-16E7-4BFD-88B7-4645FFFC8389}.Ad-Hoc|iPhone.ActiveCfg = Release|Any CPU
		{40D9DBDD-16E7-4BFD-88B7-4645FFFC8389}.Ad-Hoc|iPhoneSimulator.ActiveCfg = Release|Any CPU
		{40D9DBDD-16E7-4BFD-88B7-4645FFFC8389}.Ad-Hoc|Mixed Platforms.ActiveCfg = Release|Any CPU
		{40D9DBDD-16E7-4BFD-88B7-4645FFFC8389}.Ad-Hoc|Mixed Platforms.Build.0 = Release|Any CPU
		{40D9DBDD-16E7-4BFD-88B7-4645FFFC8389}.Ad-Hoc|Mixed Platforms.Deploy.0 = Release|Any CPU
		{40D9DBDD-16E7-4BFD-88B7-4645FFFC8389}.Ad-Hoc|UWP-ARM.ActiveCfg = Release|Any CPU
		{40D9DBDD-16E7-4BFD-88B7-4645FFFC8389}.Ad-Hoc|UWP-x64.ActiveCfg = Debug|Any CPU
		{40D9DBDD-16E7-4BFD-88B7-4645FFFC8389}.Ad-Hoc|UWP-x64.Build.0 = Debug|Any CPU
		{40D9DBDD-16E7-4BFD-88B7-4645FFFC8389}.Ad-Hoc|UWP-x64.Deploy.0 = Debug|Any CPU
		{40D9DBDD-16E7-4BFD-88B7-4645FFFC8389}.Ad-Hoc|UWP-x86.ActiveCfg = Release|Any CPU
		{40D9DBDD-16E7-4BFD-88B7-4645FFFC8389}.Ad-Hoc|x64.ActiveCfg = Debug|Any CPU
		{40D9DBDD-16E7-4BFD-88B7-4645FFFC8389}.Ad-Hoc|x64.Build.0 = Debug|Any CPU
		{40D9DBDD-16E7-4BFD-88B7-4645FFFC8389}.Ad-Hoc|x64.Deploy.0 = Debug|Any CPU
		{40D9DBDD-16E7-4BFD-88B7-4645FFFC8389}.Ad-Hoc|x86.ActiveCfg = Debug|Any CPU
		{40D9DBDD-16E7-4BFD-88B7-4645FFFC8389}.Ad-Hoc|x86.Build.0 = Debug|Any CPU
		{40D9DBDD-16E7-4BFD-88B7-4645FFFC8389}.Ad-Hoc|x86.Deploy.0 = Debug|Any CPU
		{40D9DBDD-16E7-4BFD-88B7-4645FFFC8389}.AppStore|Android-Any CPU.ActiveCfg = Release|Any CPU
		{40D9DBDD-16E7-4BFD-88B7-4645FFFC8389}.AppStore|Android-Any CPU.Build.0 = Release|Any CPU
		{40D9DBDD-16E7-4BFD-88B7-4645FFFC8389}.AppStore|Android-Any CPU.Deploy.0 = Release|Any CPU
		{40D9DBDD-16E7-4BFD-88B7-4645FFFC8389}.AppStore|ARM.ActiveCfg = Debug|Any CPU
		{40D9DBDD-16E7-4BFD-88B7-4645FFFC8389}.AppStore|ARM.Build.0 = Debug|Any CPU
		{40D9DBDD-16E7-4BFD-88B7-4645FFFC8389}.AppStore|ARM.Deploy.0 = Debug|Any CPU
		{40D9DBDD-16E7-4BFD-88B7-4645FFFC8389}.AppStore|iPhone.ActiveCfg = Release|Any CPU
		{40D9DBDD-16E7-4BFD-88B7-4645FFFC8389}.AppStore|iPhoneSimulator.ActiveCfg = Release|Any CPU
		{40D9DBDD-16E7-4BFD-88B7-4645FFFC8389}.AppStore|Mixed Platforms.ActiveCfg = Release|Any CPU
		{40D9DBDD-16E7-4BFD-88B7-4645FFFC8389}.AppStore|Mixed Platforms.Build.0 = Release|Any CPU
		{40D9DBDD-16E7-4BFD-88B7-4645FFFC8389}.AppStore|Mixed Platforms.Deploy.0 = Release|Any CPU
		{40D9DBDD-16E7-4BFD-88B7-4645FFFC8389}.AppStore|UWP-ARM.ActiveCfg = Release|Any CPU
		{40D9DBDD-16E7-4BFD-88B7-4645FFFC8389}.AppStore|UWP-x64.ActiveCfg = Debug|Any CPU
		{40D9DBDD-16E7-4BFD-88B7-4645FFFC8389}.AppStore|UWP-x64.Build.0 = Debug|Any CPU
		{40D9DBDD-16E7-4BFD-88B7-4645FFFC8389}.AppStore|UWP-x64.Deploy.0 = Debug|Any CPU
		{40D9DBDD-16E7-4BFD-88B7-4645FFFC8389}.AppStore|UWP-x86.ActiveCfg = Release|Any CPU
		{40D9DBDD-16E7-4BFD-88B7-4645FFFC8389}.AppStore|x64.ActiveCfg = Debug|Any CPU
		{40D9DBDD-16E7-4BFD-88B7-4645FFFC8389}.AppStore|x64.Build.0 = Debug|Any CPU
		{40D9DBDD-16E7-4BFD-88B7-4645FFFC8389}.AppStore|x64.Deploy.0 = Debug|Any CPU
		{40D9DBDD-16E7-4BFD-88B7-4645FFFC8389}.AppStore|x86.ActiveCfg = Debug|Any CPU
		{40D9DBDD-16E7-4BFD-88B7-4645FFFC8389}.AppStore|x86.Build.0 = Debug|Any CPU
		{40D9DBDD-16E7-4BFD-88B7-4645FFFC8389}.AppStore|x86.Deploy.0 = Debug|Any CPU
		{40D9DBDD-16E7-4BFD-88B7-4645FFFC8389}.Debug|Android-Any CPU.ActiveCfg = Debug|Any CPU
		{40D9DBDD-16E7-4BFD-88B7-4645FFFC8389}.Debug|Android-Any CPU.Build.0 = Debug|Any CPU
		{40D9DBDD-16E7-4BFD-88B7-4645FFFC8389}.Debug|Android-Any CPU.Deploy.0 = Debug|Any CPU
		{40D9DBDD-16E7-4BFD-88B7-4645FFFC8389}.Debug|ARM.ActiveCfg = Debug|Any CPU
		{40D9DBDD-16E7-4BFD-88B7-4645FFFC8389}.Debug|ARM.Build.0 = Debug|Any CPU
		{40D9DBDD-16E7-4BFD-88B7-4645FFFC8389}.Debug|ARM.Deploy.0 = Debug|Any CPU
		{40D9DBDD-16E7-4BFD-88B7-4645FFFC8389}.Debug|iPhone.ActiveCfg = Debug|Any CPU
		{40D9DBDD-16E7-4BFD-88B7-4645FFFC8389}.Debug|iPhoneSimulator.ActiveCfg = Debug|Any CPU
		{40D9DBDD-16E7-4BFD-88B7-4645FFFC8389}.Debug|Mixed Platforms.ActiveCfg = Debug|Any CPU
		{40D9DBDD-16E7-4BFD-88B7-4645FFFC8389}.Debug|Mixed Platforms.Build.0 = Debug|Any CPU
		{40D9DBDD-16E7-4BFD-88B7-4645FFFC8389}.Debug|Mixed Platforms.Deploy.0 = Debug|Any CPU
		{40D9DBDD-16E7-4BFD-88B7-4645FFFC8389}.Debug|UWP-ARM.ActiveCfg = Debug|Any CPU
		{40D9DBDD-16E7-4BFD-88B7-4645FFFC8389}.Debug|UWP-x64.ActiveCfg = Debug|Any CPU
		{40D9DBDD-16E7-4BFD-88B7-4645FFFC8389}.Debug|UWP-x86.ActiveCfg = Debug|Any CPU
		{40D9DBDD-16E7-4BFD-88B7-4645FFFC8389}.Debug|x64.ActiveCfg = Debug|Any CPU
		{40D9DBDD-16E7-4BFD-88B7-4645FFFC8389}.Debug|x64.Build.0 = Debug|Any CPU
		{40D9DBDD-16E7-4BFD-88B7-4645FFFC8389}.Debug|x64.Deploy.0 = Debug|Any CPU
		{40D9DBDD-16E7-4BFD-88B7-4645FFFC8389}.Debug|x86.ActiveCfg = Debug|Any CPU
		{40D9DBDD-16E7-4BFD-88B7-4645FFFC8389}.Debug|x86.Build.0 = Debug|Any CPU
		{40D9DBDD-16E7-4BFD-88B7-4645FFFC8389}.Debug|x86.Deploy.0 = Debug|Any CPU
		{40D9DBDD-16E7-4BFD-88B7-4645FFFC8389}.Release|Android-Any CPU.ActiveCfg = Release|Any CPU
		{40D9DBDD-16E7-4BFD-88B7-4645FFFC8389}.Release|Android-Any CPU.Build.0 = Release|Any CPU
		{40D9DBDD-16E7-4BFD-88B7-4645FFFC8389}.Release|Android-Any CPU.Deploy.0 = Release|Any CPU
		{40D9DBDD-16E7-4BFD-88B7-4645FFFC8389}.Release|ARM.ActiveCfg = Release|Any CPU
		{40D9DBDD-16E7-4BFD-88B7-4645FFFC8389}.Release|ARM.Build.0 = Release|Any CPU
		{40D9DBDD-16E7-4BFD-88B7-4645FFFC8389}.Release|ARM.Deploy.0 = Release|Any CPU
		{40D9DBDD-16E7-4BFD-88B7-4645FFFC8389}.Release|iPhone.ActiveCfg = Release|Any CPU
		{40D9DBDD-16E7-4BFD-88B7-4645FFFC8389}.Release|iPhoneSimulator.ActiveCfg = Release|Any CPU
		{40D9DBDD-16E7-4BFD-88B7-4645FFFC8389}.Release|Mixed Platforms.ActiveCfg = Release|Any CPU
		{40D9DBDD-16E7-4BFD-88B7-4645FFFC8389}.Release|Mixed Platforms.Build.0 = Release|Any CPU
		{40D9DBDD-16E7-4BFD-88B7-4645FFFC8389}.Release|Mixed Platforms.Deploy.0 = Release|Any CPU
		{40D9DBDD-16E7-4BFD-88B7-4645FFFC8389}.Release|UWP-ARM.ActiveCfg = Release|Any CPU
		{40D9DBDD-16E7-4BFD-88B7-4645FFFC8389}.Release|UWP-x64.ActiveCfg = Release|Any CPU
		{40D9DBDD-16E7-4BFD-88B7-4645FFFC8389}.Release|UWP-x64.Build.0 = Release|Any CPU
		{40D9DBDD-16E7-4BFD-88B7-4645FFFC8389}.Release|UWP-x64.Deploy.0 = Release|Any CPU
		{40D9DBDD-16E7-4BFD-88B7-4645FFFC8389}.Release|UWP-x86.ActiveCfg = Release|Any CPU
		{40D9DBDD-16E7-4BFD-88B7-4645FFFC8389}.Release|x64.ActiveCfg = Release|Any CPU
		{40D9DBDD-16E7-4BFD-88B7-4645FFFC8389}.Release|x64.Build.0 = Release|Any CPU
		{40D9DBDD-16E7-4BFD-88B7-4645FFFC8389}.Release|x64.Deploy.0 = Release|Any CPU
		{40D9DBDD-16E7-4BFD-88B7-4645FFFC8389}.Release|x86.ActiveCfg = Release|Any CPU
		{40D9DBDD-16E7-4BFD-88B7-4645FFFC8389}.Release|x86.Build.0 = Release|Any CPU
		{40D9DBDD-16E7-4BFD-88B7-4645FFFC8389}.Release|x86.Deploy.0 = Release|Any CPU
		{6895B22D-B02F-4D3E-B2A0-7010E91B587B}.Ad-Hoc|Android-Any CPU.ActiveCfg = Release|x64
		{6895B22D-B02F-4D3E-B2A0-7010E91B587B}.Ad-Hoc|Android-Any CPU.Build.0 = Release|x64
		{6895B22D-B02F-4D3E-B2A0-7010E91B587B}.Ad-Hoc|Android-Any CPU.Deploy.0 = Release|x64
		{6895B22D-B02F-4D3E-B2A0-7010E91B587B}.Ad-Hoc|ARM.ActiveCfg = Release|ARM
		{6895B22D-B02F-4D3E-B2A0-7010E91B587B}.Ad-Hoc|ARM.Build.0 = Release|ARM
		{6895B22D-B02F-4D3E-B2A0-7010E91B587B}.Ad-Hoc|ARM.Deploy.0 = Release|ARM
		{6895B22D-B02F-4D3E-B2A0-7010E91B587B}.Ad-Hoc|iPhone.ActiveCfg = Release|x64
		{6895B22D-B02F-4D3E-B2A0-7010E91B587B}.Ad-Hoc|iPhone.Build.0 = Release|x64
		{6895B22D-B02F-4D3E-B2A0-7010E91B587B}.Ad-Hoc|iPhone.Deploy.0 = Release|x64
		{6895B22D-B02F-4D3E-B2A0-7010E91B587B}.Ad-Hoc|iPhoneSimulator.ActiveCfg = Release|x64
		{6895B22D-B02F-4D3E-B2A0-7010E91B587B}.Ad-Hoc|iPhoneSimulator.Build.0 = Release|x64
		{6895B22D-B02F-4D3E-B2A0-7010E91B587B}.Ad-Hoc|iPhoneSimulator.Deploy.0 = Release|x64
		{6895B22D-B02F-4D3E-B2A0-7010E91B587B}.Ad-Hoc|Mixed Platforms.ActiveCfg = Release|x86
		{6895B22D-B02F-4D3E-B2A0-7010E91B587B}.Ad-Hoc|Mixed Platforms.Build.0 = Release|x86
		{6895B22D-B02F-4D3E-B2A0-7010E91B587B}.Ad-Hoc|Mixed Platforms.Deploy.0 = Release|x86
		{6895B22D-B02F-4D3E-B2A0-7010E91B587B}.Ad-Hoc|UWP-ARM.ActiveCfg = Release|x64
		{6895B22D-B02F-4D3E-B2A0-7010E91B587B}.Ad-Hoc|UWP-ARM.Build.0 = Release|x64
		{6895B22D-B02F-4D3E-B2A0-7010E91B587B}.Ad-Hoc|UWP-ARM.Deploy.0 = Release|x64
		{6895B22D-B02F-4D3E-B2A0-7010E91B587B}.Ad-Hoc|UWP-x64.ActiveCfg = Release|x64
		{6895B22D-B02F-4D3E-B2A0-7010E91B587B}.Ad-Hoc|UWP-x64.Build.0 = Release|x64
		{6895B22D-B02F-4D3E-B2A0-7010E91B587B}.Ad-Hoc|UWP-x64.Deploy.0 = Release|x64
		{6895B22D-B02F-4D3E-B2A0-7010E91B587B}.Ad-Hoc|UWP-x86.ActiveCfg = Release|x64
		{6895B22D-B02F-4D3E-B2A0-7010E91B587B}.Ad-Hoc|UWP-x86.Build.0 = Release|x64
		{6895B22D-B02F-4D3E-B2A0-7010E91B587B}.Ad-Hoc|UWP-x86.Deploy.0 = Release|x64
		{6895B22D-B02F-4D3E-B2A0-7010E91B587B}.Ad-Hoc|x64.ActiveCfg = Release|x64
		{6895B22D-B02F-4D3E-B2A0-7010E91B587B}.Ad-Hoc|x64.Build.0 = Release|x64
		{6895B22D-B02F-4D3E-B2A0-7010E91B587B}.Ad-Hoc|x64.Deploy.0 = Release|x64
		{6895B22D-B02F-4D3E-B2A0-7010E91B587B}.Ad-Hoc|x86.ActiveCfg = Release|x86
		{6895B22D-B02F-4D3E-B2A0-7010E91B587B}.Ad-Hoc|x86.Build.0 = Release|x86
		{6895B22D-B02F-4D3E-B2A0-7010E91B587B}.Ad-Hoc|x86.Deploy.0 = Release|x86
		{6895B22D-B02F-4D3E-B2A0-7010E91B587B}.AppStore|Android-Any CPU.ActiveCfg = Release|x64
		{6895B22D-B02F-4D3E-B2A0-7010E91B587B}.AppStore|Android-Any CPU.Build.0 = Release|x64
		{6895B22D-B02F-4D3E-B2A0-7010E91B587B}.AppStore|Android-Any CPU.Deploy.0 = Release|x64
		{6895B22D-B02F-4D3E-B2A0-7010E91B587B}.AppStore|ARM.ActiveCfg = Release|ARM
		{6895B22D-B02F-4D3E-B2A0-7010E91B587B}.AppStore|ARM.Build.0 = Release|ARM
		{6895B22D-B02F-4D3E-B2A0-7010E91B587B}.AppStore|ARM.Deploy.0 = Release|ARM
		{6895B22D-B02F-4D3E-B2A0-7010E91B587B}.AppStore|iPhone.ActiveCfg = Release|x64
		{6895B22D-B02F-4D3E-B2A0-7010E91B587B}.AppStore|iPhone.Build.0 = Release|x64
		{6895B22D-B02F-4D3E-B2A0-7010E91B587B}.AppStore|iPhone.Deploy.0 = Release|x64
		{6895B22D-B02F-4D3E-B2A0-7010E91B587B}.AppStore|iPhoneSimulator.ActiveCfg = Release|x64
		{6895B22D-B02F-4D3E-B2A0-7010E91B587B}.AppStore|iPhoneSimulator.Build.0 = Release|x64
		{6895B22D-B02F-4D3E-B2A0-7010E91B587B}.AppStore|iPhoneSimulator.Deploy.0 = Release|x64
		{6895B22D-B02F-4D3E-B2A0-7010E91B587B}.AppStore|Mixed Platforms.ActiveCfg = Release|x86
		{6895B22D-B02F-4D3E-B2A0-7010E91B587B}.AppStore|Mixed Platforms.Build.0 = Release|x86
		{6895B22D-B02F-4D3E-B2A0-7010E91B587B}.AppStore|Mixed Platforms.Deploy.0 = Release|x86
		{6895B22D-B02F-4D3E-B2A0-7010E91B587B}.AppStore|UWP-ARM.ActiveCfg = Release|x64
		{6895B22D-B02F-4D3E-B2A0-7010E91B587B}.AppStore|UWP-ARM.Build.0 = Release|x64
		{6895B22D-B02F-4D3E-B2A0-7010E91B587B}.AppStore|UWP-ARM.Deploy.0 = Release|x64
		{6895B22D-B02F-4D3E-B2A0-7010E91B587B}.AppStore|UWP-x64.ActiveCfg = Release|x64
		{6895B22D-B02F-4D3E-B2A0-7010E91B587B}.AppStore|UWP-x64.Build.0 = Release|x64
		{6895B22D-B02F-4D3E-B2A0-7010E91B587B}.AppStore|UWP-x64.Deploy.0 = Release|x64
		{6895B22D-B02F-4D3E-B2A0-7010E91B587B}.AppStore|UWP-x86.ActiveCfg = Release|x64
		{6895B22D-B02F-4D3E-B2A0-7010E91B587B}.AppStore|UWP-x86.Build.0 = Release|x64
		{6895B22D-B02F-4D3E-B2A0-7010E91B587B}.AppStore|UWP-x86.Deploy.0 = Release|x64
		{6895B22D-B02F-4D3E-B2A0-7010E91B587B}.AppStore|x64.ActiveCfg = Release|x64
		{6895B22D-B02F-4D3E-B2A0-7010E91B587B}.AppStore|x64.Build.0 = Release|x64
		{6895B22D-B02F-4D3E-B2A0-7010E91B587B}.AppStore|x64.Deploy.0 = Release|x64
		{6895B22D-B02F-4D3E-B2A0-7010E91B587B}.AppStore|x86.ActiveCfg = Release|x86
		{6895B22D-B02F-4D3E-B2A0-7010E91B587B}.AppStore|x86.Build.0 = Release|x86
		{6895B22D-B02F-4D3E-B2A0-7010E91B587B}.AppStore|x86.Deploy.0 = Release|x86
		{6895B22D-B02F-4D3E-B2A0-7010E91B587B}.Debug|Android-Any CPU.ActiveCfg = Debug|x86
		{6895B22D-B02F-4D3E-B2A0-7010E91B587B}.Debug|ARM.ActiveCfg = Debug|ARM
		{6895B22D-B02F-4D3E-B2A0-7010E91B587B}.Debug|ARM.Build.0 = Debug|ARM
		{6895B22D-B02F-4D3E-B2A0-7010E91B587B}.Debug|ARM.Deploy.0 = Debug|ARM
		{6895B22D-B02F-4D3E-B2A0-7010E91B587B}.Debug|iPhone.ActiveCfg = Debug|x86
		{6895B22D-B02F-4D3E-B2A0-7010E91B587B}.Debug|iPhoneSimulator.ActiveCfg = Debug|x86
		{6895B22D-B02F-4D3E-B2A0-7010E91B587B}.Debug|Mixed Platforms.ActiveCfg = Debug|x86
		{6895B22D-B02F-4D3E-B2A0-7010E91B587B}.Debug|Mixed Platforms.Build.0 = Debug|x86
		{6895B22D-B02F-4D3E-B2A0-7010E91B587B}.Debug|Mixed Platforms.Deploy.0 = Debug|x86
		{6895B22D-B02F-4D3E-B2A0-7010E91B587B}.Debug|UWP-ARM.ActiveCfg = Debug|ARM
		{6895B22D-B02F-4D3E-B2A0-7010E91B587B}.Debug|UWP-ARM.Build.0 = Debug|ARM
		{6895B22D-B02F-4D3E-B2A0-7010E91B587B}.Debug|UWP-ARM.Deploy.0 = Debug|ARM
		{6895B22D-B02F-4D3E-B2A0-7010E91B587B}.Debug|UWP-x64.ActiveCfg = Debug|x86
		{6895B22D-B02F-4D3E-B2A0-7010E91B587B}.Debug|UWP-x64.Build.0 = Debug|x86
		{6895B22D-B02F-4D3E-B2A0-7010E91B587B}.Debug|UWP-x64.Deploy.0 = Debug|x86
		{6895B22D-B02F-4D3E-B2A0-7010E91B587B}.Debug|UWP-x86.ActiveCfg = Debug|x86
		{6895B22D-B02F-4D3E-B2A0-7010E91B587B}.Debug|UWP-x86.Build.0 = Debug|x86
		{6895B22D-B02F-4D3E-B2A0-7010E91B587B}.Debug|UWP-x86.Deploy.0 = Debug|x86
		{6895B22D-B02F-4D3E-B2A0-7010E91B587B}.Debug|x64.ActiveCfg = Debug|x64
		{6895B22D-B02F-4D3E-B2A0-7010E91B587B}.Debug|x64.Build.0 = Debug|x64
		{6895B22D-B02F-4D3E-B2A0-7010E91B587B}.Debug|x64.Deploy.0 = Debug|x64
		{6895B22D-B02F-4D3E-B2A0-7010E91B587B}.Debug|x86.ActiveCfg = Debug|x86
		{6895B22D-B02F-4D3E-B2A0-7010E91B587B}.Debug|x86.Build.0 = Debug|x86
		{6895B22D-B02F-4D3E-B2A0-7010E91B587B}.Debug|x86.Deploy.0 = Debug|x86
		{6895B22D-B02F-4D3E-B2A0-7010E91B587B}.Release|Android-Any CPU.ActiveCfg = Release|x86
		{6895B22D-B02F-4D3E-B2A0-7010E91B587B}.Release|ARM.ActiveCfg = Release|ARM
		{6895B22D-B02F-4D3E-B2A0-7010E91B587B}.Release|ARM.Build.0 = Release|ARM
		{6895B22D-B02F-4D3E-B2A0-7010E91B587B}.Release|ARM.Deploy.0 = Release|ARM
		{6895B22D-B02F-4D3E-B2A0-7010E91B587B}.Release|iPhone.ActiveCfg = Release|x86
		{6895B22D-B02F-4D3E-B2A0-7010E91B587B}.Release|iPhoneSimulator.ActiveCfg = Release|x86
		{6895B22D-B02F-4D3E-B2A0-7010E91B587B}.Release|Mixed Platforms.ActiveCfg = Release|x86
		{6895B22D-B02F-4D3E-B2A0-7010E91B587B}.Release|Mixed Platforms.Build.0 = Release|x86
		{6895B22D-B02F-4D3E-B2A0-7010E91B587B}.Release|Mixed Platforms.Deploy.0 = Release|x86
		{6895B22D-B02F-4D3E-B2A0-7010E91B587B}.Release|UWP-ARM.ActiveCfg = Release|x86
		{6895B22D-B02F-4D3E-B2A0-7010E91B587B}.Release|UWP-x64.ActiveCfg = Release|x86
		{6895B22D-B02F-4D3E-B2A0-7010E91B587B}.Release|UWP-x86.ActiveCfg = Release|x86
		{6895B22D-B02F-4D3E-B2A0-7010E91B587B}.Release|x64.ActiveCfg = Release|x64
		{6895B22D-B02F-4D3E-B2A0-7010E91B587B}.Release|x64.Build.0 = Release|x64
		{6895B22D-B02F-4D3E-B2A0-7010E91B587B}.Release|x64.Deploy.0 = Release|x64
		{6895B22D-B02F-4D3E-B2A0-7010E91B587B}.Release|x86.ActiveCfg = Release|x86
		{6895B22D-B02F-4D3E-B2A0-7010E91B587B}.Release|x86.Build.0 = Release|x86
		{6895B22D-B02F-4D3E-B2A0-7010E91B587B}.Release|x86.Deploy.0 = Release|x86
	EndGlobalSection
	GlobalSection(SolutionProperties) = preSolution
		HideSolutionNode = FALSE
	EndGlobalSection
EndGlobal
